
Microsoft Visual Studio Solution File, Format Version 12.00
# Visual Studio Version 17
VisualStudioVersion = 17.14.37111.16 d17.14
MinimumVisualStudioVersion = 10.0.40219.1
Project("{FAE04EC0-301F-11D3-BF4B-00C04F79EFBC}") = "GymSystem", "GymSystem\GymSystem.csproj", "{1818B5B4-50AF-4379-A406-C1F7C302C801}"
EndProject
Global
	GlobalSection(SolutionConfigurationPlatforms) = preSolution
		Debug|Any CPU = Debug|Any CPU
		Release|Any CPU = Release|Any CPU
	EndGlobalSection
	GlobalSection(ProjectConfigurationPlatforms) = postSolution
		{1818B5B4-50AF-4379-A406-C1F7C302C801}.Debug|Any CPU.ActiveCfg = Debug|Any CPU
		{1818B5B4-50AF-4379-A406-C1F7C302C801}.Debug|Any CPU.Build.0 = Debug|Any CPU
		{1818B5B4-50AF-4379-A406-C1F7C302C801}.Release|Any CPU.ActiveCfg = Release|Any CPU
		{1818B5B4-50AF-4379-A406-C1F7C302C801}.Release|Any CPU.Build.0 = Release|Any CPU
	EndGlobalSection
	GlobalSection(SolutionProperties) = preSolution
		HideSolutionNode = FALSE
	EndGlobalSection
	GlobalSection(ExtensibilityGlobals) = postSolution
		SolutionGuid = {02ED3E21-CB21-41C3-B157-229CB0396885}
	EndGlobalSection
EndGlobal
